// !$*UTF8*$!
{
	archiveVersion = 1;
	classes = {
	};
	objectVersion = 50;
	objects = {

/* Begin PBXBuildFile section */
		7550FB7221F72F19001D9AC2 /* Bell Ting.wav in Resources */ = {isa = PBXBuildFile; fileRef = 7550FB7121F72F19001D9AC2 /* Bell Ting.wav */; };
		755A9DED21A9B68E009A7209 /* AppDelegate.swift in Sources */ = {isa = PBXBuildFile; fileRef = 755A9DEC21A9B68E009A7209 /* AppDelegate.swift */; };
		755A9DF221A9B68E009A7209 /* Main.storyboard in Resources */ = {isa = PBXBuildFile; fileRef = 755A9DF021A9B68E009A7209 /* Main.storyboard */; };
		755A9DF421A9B68E009A7209 /* Assets.xcassets in Resources */ = {isa = PBXBuildFile; fileRef = 755A9DF321A9B68E009A7209 /* Assets.xcassets */; };
		755A9DF721A9B68E009A7209 /* LaunchScreen.storyboard in Resources */ = {isa = PBXBuildFile; fileRef = 755A9DF521A9B68E009A7209 /* LaunchScreen.storyboard */; };
		75DE9A1F21F51375004274A9 /* AVFoundation.framework in Frameworks */ = {isa = PBXBuildFile; fileRef = 75DE9A1E21F51375004274A9 /* AVFoundation.framework */; };
		75E54512234C98E100C0876C /* ViewController.swift in Sources */ = {isa = PBXBuildFile; fileRef = 75E54511234C98E100C0876C /* ViewController.swift */; };
/* End PBXBuildFile section */

/* Begin PBXCopyFilesBuildPhase section */
		7559D530233F1697000B93CA /* Embed Watch Content */ = {
			isa = PBXCopyFilesBuildPhase;
			buildActionMask = 2147483647;
			dstPath = "$(CONTENTS_FOLDER_PATH)/Watch";
			dstSubfolderSpec = 16;
			files = (
			);
			name = "Embed Watch Content";
			runOnlyForDeploymentPostprocessing = 0;
		};
/* End PBXCopyFilesBuildPhase section */

/* Begin PBXFileReference section */
		7550FB7121F72F19001D9AC2 /* Bell Ting.wav */ = {isa = PBXFileReference; lastKnownFileType = audio.wav; path = "Bell Ting.wav"; sourceTree = "<group>"; };
		755A9DE921A9B68E009A7209 /* Take a minute.app */ = {isa = PBXFileReference; explicitFileType = wrapper.application; includeInIndex = 0; path = "Take a minute.app"; sourceTree = BUILT_PRODUCTS_DIR; };
		755A9DEC21A9B68E009A7209 /* AppDelegate.swift */ = {isa = PBXFileReference; lastKnownFileType = sourcecode.swift; path = AppDelegate.swift; sourceTree = "<group>"; };
		755A9DF121A9B68E009A7209 /* Base */ = {isa = PBXFileReference; lastKnownFileType = file.storyboard; name = Base; path = Base.lproj/Main.storyboard; sourceTree = "<group>"; };
		755A9DF321A9B68E009A7209 /* Assets.xcassets */ = {isa = PBXFileReference; lastKnownFileType = folder.assetcatalog; path = Assets.xcassets; sourceTree = "<group>"; };
		755A9DF621A9B68E009A7209 /* Base */ = {isa = PBXFileReference; lastKnownFileType = file.storyboard; name = Base; path = Base.lproj/LaunchScreen.storyboard; sourceTree = "<group>"; };
		755A9DF821A9B68E009A7209 /* Info.plist */ = {isa = PBXFileReference; lastKnownFileType = text.plist.xml; path = Info.plist; sourceTree = "<group>"; };
		75BB2CBF233F839600CC292F /* Take a Minute.entitlements */ = {isa = PBXFileReference; fileEncoding = 4; lastKnownFileType = text.plist.entitlements; path = "Take a Minute.entitlements"; sourceTree = "<group>"; };
		75DE9A1E21F51375004274A9 /* AVFoundation.framework */ = {isa = PBXFileReference; lastKnownFileType = wrapper.framework; name = AVFoundation.framework; path = System/Library/Frameworks/AVFoundation.framework; sourceTree = SDKROOT; };
		75E54511234C98E100C0876C /* ViewController.swift */ = {isa = PBXFileReference; fileEncoding = 4; lastKnownFileType = sourcecode.swift; path = ViewController.swift; sourceTree = "<group>"; };
/* End PBXFileReference section */

/* Begin PBXFrameworksBuildPhase section */
		755A9DE621A9B68E009A7209 /* Frameworks */ = {
			isa = PBXFrameworksBuildPhase;
			buildActionMask = 2147483647;
			files = (
				75DE9A1F21F51375004274A9 /* AVFoundation.framework in Frameworks */,
			);
			runOnlyForDeploymentPostprocessing = 0;
		};
/* End PBXFrameworksBuildPhase section */

/* Begin PBXGroup section */
		755A9DE021A9B68E009A7209 = {
			isa = PBXGroup;
			children = (
				755A9DEB21A9B68E009A7209 /* Meditation Color Timer */,
				755A9DEA21A9B68E009A7209 /* Products */,
				75DE9A1D21F51375004274A9 /* Frameworks */,
			);
			sourceTree = "<group>";
		};
		755A9DEA21A9B68E009A7209 /* Products */ = {
			isa = PBXGroup;
			children = (
				755A9DE921A9B68E009A7209 /* Take a minute.app */,
			);
			name = Products;
			sourceTree = "<group>";
		};
		755A9DEB21A9B68E009A7209 /* Meditation Color Timer */ = {
			isa = PBXGroup;
			children = (
				75BB2CBF233F839600CC292F /* Take a Minute.entitlements */,
				755A9DEC21A9B68E009A7209 /* AppDelegate.swift */,
				755A9DF021A9B68E009A7209 /* Main.storyboard */,
				755A9DF321A9B68E009A7209 /* Assets.xcassets */,
				7550FB7121F72F19001D9AC2 /* Bell Ting.wav */,
				75E54511234C98E100C0876C /* ViewController.swift */,
				755A9DF521A9B68E009A7209 /* LaunchScreen.storyboard */,
				755A9DF821A9B68E009A7209 /* Info.plist */,
			);
			path = "Meditation Color Timer";
			sourceTree = "<group>";
		};
		75DE9A1D21F51375004274A9 /* Frameworks */ = {
			isa = PBXGroup;
			children = (
				75DE9A1E21F51375004274A9 /* AVFoundation.framework */,
			);
			name = Frameworks;
			sourceTree = "<group>";
		};
/* End PBXGroup section */

/* Begin PBXNativeTarget section */
		755A9DE821A9B68E009A7209 /* Meditation Color Timer */ = {
			isa = PBXNativeTarget;
			buildConfigurationList = 755A9DFB21A9B68E009A7209 /* Build configuration list for PBXNativeTarget "Meditation Color Timer" */;
			buildPhases = (
				755A9DE521A9B68E009A7209 /* Sources */,
				755A9DE621A9B68E009A7209 /* Frameworks */,
				755A9DE721A9B68E009A7209 /* Resources */,
				7559D530233F1697000B93CA /* Embed Watch Content */,
			);
			buildRules = (
			);
			dependencies = (
			);
			name = "Meditation Color Timer";
			productName = "Meditation Color Timer";
			productReference = 755A9DE921A9B68E009A7209 /* Take a minute.app */;
			productType = "com.apple.product-type.application";
		};
/* End PBXNativeTarget section */

/* Begin PBXProject section */
		755A9DE121A9B68E009A7209 /* Project object */ = {
			isa = PBXProject;
			attributes = {
				LastSwiftUpdateCheck = 1100;
				LastUpgradeCheck = 1010;
				ORGANIZATIONNAME = "Joe Martin";
				TargetAttributes = {
					755A9DE821A9B68E009A7209 = {
						CreatedOnToolsVersion = 10.1;
						LastSwiftMigration = 1030;
					};
				};
			};
			buildConfigurationList = 755A9DE421A9B68E009A7209 /* Build configuration list for PBXProject "Meditation Color Timer" */;
			compatibilityVersion = "Xcode 9.3";
			developmentRegion = en;
			hasScannedForEncodings = 0;
			knownRegions = (
				en,
				Base,
			);
			mainGroup = 755A9DE021A9B68E009A7209;
			productRefGroup = 755A9DEA21A9B68E009A7209 /* Products */;
			projectDirPath = "";
			projectRoot = "";
			targets = (
				755A9DE821A9B68E009A7209 /* Meditation Color Timer */,
			);
		};
/* End PBXProject section */

/* Begin PBXResourcesBuildPhase section */
		755A9DE721A9B68E009A7209 /* Resources */ = {
			isa = PBXResourcesBuildPhase;
			buildActionMask = 2147483647;
			files = (
				755A9DF721A9B68E009A7209 /* LaunchScreen.storyboard in Resources */,
				755A9DF421A9B68E009A7209 /* Assets.xcassets in Resources */,
				7550FB7221F72F19001D9AC2 /* Bell Ting.wav in Resources */,
				755A9DF221A9B68E009A7209 /* Main.storyboard in Resources */,
			);
			runOnlyForDeploymentPostprocessing = 0;
		};
/* End PBXResourcesBuildPhase section */

/* Begin PBXSourcesBuildPhase section */
		755A9DE521A9B68E009A7209 /* Sources */ = {
			isa = PBXSourcesBuildPhase;
			buildActionMask = 2147483647;
			files = (
				75E54512234C98E100C0876C /* ViewController.swift in Sources */,
				755A9DED21A9B68E009A7209 /* AppDelegate.swift in Sources */,
			);
			runOnlyForDeploymentPostprocessing = 0;
		};
/* End PBXSourcesBuildPhase section */

/* Begin PBXVariantGroup section */
		755A9DF021A9B68E009A7209 /* Main.storyboard */ = {
			isa = PBXVariantGroup;
			children = (
				755A9DF121A9B68E009A7209 /* Base */,
			);
			name = Main.storyboard;
			sourceTree = "<group>";
		};
		755A9DF521A9B68E009A7209 /* LaunchScreen.storyboard */ = {
			isa = PBXVariantGroup;
			children = (
				755A9DF621A9B68E009A7209 /* Base */,
			);
			name = LaunchScreen.storyboard;
			sourceTree = "<group>";
		};
/* End PBXVariantGroup section */

/* Begin XCBuildConfiguration section */
		755A9DF921A9B68E009A7209 /* Debug */ = {
			isa = XCBuildConfiguration;
			buildSettings = {
				ALWAYS_SEARCH_USER_PATHS = NO;
				CLANG_ANALYZER_NONNULL = YES;
				CLANG_ANALYZER_NUMBER_OBJECT_CONVERSION = YES_AGGRESSIVE;
				CLANG_CXX_LANGUAGE_STANDARD = "gnu++14";
				CLANG_CXX_LIBRARY = "libc++";
				CLANG_ENABLE_MODULES = YES;
				CLANG_ENABLE_OBJC_ARC = YES;
				CLANG_ENABLE_OBJC_WEAK = YES;
				CLANG_WARN_BLOCK_CAPTURE_AUTORELEASING = YES;
				CLANG_WARN_BOOL_CONVERSION = YES;
				CLANG_WARN_COMMA = YES;
				CLANG_WARN_CONSTANT_CONVERSION = YES;
				CLANG_WARN_DEPRECATED_OBJC_IMPLEMENTATIONS = YES;
				CLANG_WARN_DIRECT_OBJC_ISA_USAGE = YES_ERROR;
				CLANG_WARN_DOCUMENTATION_COMMENTS = YES;
				CLANG_WARN_EMPTY_BODY = YES;
				CLANG_WARN_ENUM_CONVERSION = YES;
				CLANG_WARN_INFINITE_RECURSION = YES;
				CLANG_WARN_INT_CONVERSION = YES;
				CLANG_WARN_NON_LITERAL_NULL_CONVERSION = YES;
				CLANG_WARN_OBJC_IMPLICIT_RETAIN_SELF = YES;
				CLANG_WARN_OBJC_LITERAL_CONVERSION = YES;
				CLANG_WARN_OBJC_ROOT_CLASS = YES_ERROR;
				CLANG_WARN_RANGE_LOOP_ANALYSIS = YES;
				CLANG_WARN_STRICT_PROTOTYPES = YES;
				CLANG_WARN_SUSPICIOUS_MOVE = YES;
				CLANG_WARN_UNGUARDED_AVAILABILITY = YES_AGGRESSIVE;
				CLANG_WARN_UNREACHABLE_CODE = YES;
				CLANG_WARN__DUPLICATE_METHOD_MATCH = YES;
				CODE_SIGN_IDENTITY = "iPhone Developer";
				COPY_PHASE_STRIP = NO;
				DEBUG_INFORMATION_FORMAT = dwarf;
				ENABLE_STRICT_OBJC_MSGSEND = YES;
				ENABLE_TESTABILITY = YES;
				GCC_C_LANGUAGE_STANDARD = gnu11;
				GCC_DYNAMIC_NO_PIC = NO;
				GCC_NO_COMMON_BLOCKS = YES;
				GCC_OPTIMIZATION_LEVEL = 0;
				GCC_PREPROCESSOR_DEFINITIONS = (
					"DEBUG=1",
					"$(inherited)",
				);
				GCC_WARN_64_TO_32_BIT_CONVERSION = YES;
				GCC_WARN_ABOUT_RETURN_TYPE = YES_ERROR;
				GCC_WARN_UNDECLARED_SELECTOR = YES;
				GCC_WARN_UNINITIALIZED_AUTOS = YES_AGGRESSIVE;
				GCC_WARN_UNUSED_FUNCTION = YES;
				GCC_WARN_UNUSED_VARIABLE = YES;
				IPHONEOS_DEPLOYMENT_TARGET = 13.0;
				MTL_ENABLE_DEBUG_INFO = INCLUDE_SOURCE;
				MTL_FAST_MATH = YES;
				ONLY_ACTIVE_ARCH = YES;
				SDKROOT = iphoneos;
				SWIFT_ACTIVE_COMPILATION_CONDITIONS = DEBUG;
				SWIFT_OPTIMIZATION_LEVEL = "-Onone";
			};
			name = Debug;
		};
		755A9DFA21A9B68E009A7209 /* Release */ = {
			isa = XCBuildConfiguration;
			buildSettings = {
				ALWAYS_SEARCH_USER_PATHS = NO;
				CLANG_ANALYZER_NONNULL = YES;
				CLANG_ANALYZER_NUMBER_OBJECT_CONVERSION = YES_AGGRESSIVE;
				CLANG_CXX_LANGUAGE_STANDARD = "gnu++14";
				CLANG_CXX_LIBRARY = "libc++";
				CLANG_ENABLE_MODULES = YES;
				CLANG_ENABLE_OBJC_ARC = YES;
				CLANG_ENABLE_OBJC_WEAK = YES;
				CLANG_WARN_BLOCK_CAPTURE_AUTORELEASING = YES;
				CLANG_WARN_BOOL_CONVERSION = YES;
				CLANG_WARN_COMMA = YES;
				CLANG_WARN_CONSTANT_CONVERSION = YES;
				CLANG_WARN_DEPRECATED_OBJC_IMPLEMENTATIONS = YES;
				CLANG_WARN_DIRECT_OBJC_ISA_USAGE = YES_ERROR;
				CLANG_WARN_DOCUMENTATION_COMMENTS = YES;
				CLANG_WARN_EMPTY_BODY = YES;
				CLANG_WARN_ENUM_CONVERSION = YES;
				CLANG_WARN_INFINITE_RECURSION = YES;
				CLANG_WARN_INT_CONVERSION = YES;
				CLANG_WARN_NON_LITERAL_NULL_CONVERSION = YES;
				CLANG_WARN_OBJC_IMPLICIT_RETAIN_SELF = YES;
				CLANG_WARN_OBJC_LITERAL_CONVERSION = YES;
				CLANG_WARN_OBJC_ROOT_CLASS = YES_ERROR;
				CLANG_WARN_RANGE_LOOP_ANALYSIS = YES;
				CLANG_WARN_STRICT_PROTOTYPES = YES;
				CLANG_WARN_SUSPICIOUS_MOVE = YES;
				CLANG_WARN_UNGUARDED_AVAILABILITY = YES_AGGRESSIVE;
				CLANG_WARN_UNREACHABLE_CODE = YES;
				CLANG_WARN__DUPLICATE_METHOD_MATCH = YES;
				CODE_SIGN_IDENTITY = "iPhone Developer";
				COPY_PHASE_STRIP = NO;
				DEBUG_INFORMATION_FORMAT = "dwarf-with-dsym";
				ENABLE_NS_ASSERTIONS = NO;
				ENABLE_STRICT_OBJC_MSGSEND = YES;
				GCC_C_LANGUAGE_STANDARD = gnu11;
				GCC_NO_COMMON_BLOCKS = YES;
				GCC_WARN_64_TO_32_BIT_CONVERSION = YES;
				GCC_WARN_ABOUT_RETURN_TYPE = YES_ERROR;
				GCC_WARN_UNDECLARED_SELECTOR = YES;
				GCC_WARN_UNINITIALIZED_AUTOS = YES_AGGRESSIVE;
				GCC_WARN_UNUSED_FUNCTION = YES;
				GCC_WARN_UNUSED_VARIABLE = YES;
				IPHONEOS_DEPLOYMENT_TARGET = 13.0;
				MTL_ENABLE_DEBUG_INFO = NO;
				MTL_FAST_MATH = YES;
				SDKROOT = iphoneos;
				SWIFT_COMPILATION_MODE = wholemodule;
				SWIFT_OPTIMIZATION_LEVEL = "-O";
				VALIDATE_PRODUCT = YES;
			};
			name = Release;
		};
		755A9DFC21A9B68E009A7209 /* Debug */ = {
			isa = XCBuildConfiguration;
			buildSettings = {
				ASSETCATALOG_COMPILER_APPICON_NAME = AppIcon;
				CODE_SIGN_ENTITLEMENTS = "Meditation Color Timer/Take a Minute.entitlements";
				CODE_SIGN_STYLE = Automatic;
				DEVELOPMENT_TEAM = 6BTKUBUD89;
				INFOPLIST_FILE = "Meditation Color Timer/Info.plist";
				IPHONEOS_DEPLOYMENT_TARGET = 13.0;
				LD_RUNPATH_SEARCH_PATHS = (
					"$(inherited)",
					"@executable_path/Frameworks",
				);
				PRODUCT_BUNDLE_IDENTIFIER = "com.joemartin.take-a-minute";
				PRODUCT_NAME = "Take a minute";
				SWIFT_VERSION = 5.0;
				TARGETED_DEVICE_FAMILY = "1,2";
			};
			name = Debug;
		};
		755A9DFD21A9B68E009A7209 /* Release */ = {
			isa = XCBuildConfiguration;
			buildSettings = {
				ASSETCATALOG_COMPILER_APPICON_NAME = AppIcon;
				CODE_SIGN_ENTITLEMENTS = "Meditation Color Timer/Take a Minute.entitlements";
				CODE_SIGN_STYLE = Automatic;
				DEVELOPMENT_TEAM = 6BTKUBUD89;
				INFOPLIST_FILE = "Meditation Color Timer/Info.plist";
				IPHONEOS_DEPLOYMENT_TARGET = 13.0;
				LD_RUNPATH_SEARCH_PATHS = (
					"$(inherited)",
					"@executable_path/Frameworks",
				);
				PRODUCT_BUNDLE_IDENTIFIER = "com.joemartin.take-a-minute";
				PRODUCT_NAME = "Take a minute";
				SWIFT_VERSION = 5.0;
				TARGETED_DEVICE_FAMILY = "1,2";
			};
			name = Release;
		};
/* End XCBuildConfiguration section */

/* Begin XCConfigurationList section */
		755A9DE421A9B68E009A7209 /* Build configuration list for PBXProject "Meditation Color Timer" */ = {
			isa = XCConfigurationList;
			buildConfigurations = (
				755A9DF921A9B68E009A7209 /* Debug */,
				755A9DFA21A9B68E009A7209 /* Release */,
			);
			defaultConfigurationIsVisible = 0;
			defaultConfigurationName = Release;
		};
		755A9DFB21A9B68E009A7209 /* Build configuration list for PBXNativeTarget "Meditation Color Timer" */ = {
			isa = XCConfigurationList;
			buildConfigurations = (
				755A9DFC21A9B68E009A7209 /* Debug */,
				755A9DFD21A9B68E009A7209 /* Release */,
			);
			defaultConfigurationIsVisible = 0;
			defaultConfigurationName = Release;
		};
/* End XCConfigurationList section */
	};
	rootObject = 755A9DE121A9B68E009A7209 /* Project object */;
}
