// !$*UTF8*$!
{
	archiveVersion = 1;
	classes = {
	};
	objectVersion = 50;
	objects = {

/* Begin PBXBuildFile section */
		75B237F527E18299000D61BC /* AppDelegate.swift in Sources */ = {isa = PBXBuildFile; fileRef = 75B237E727E18298000D61BC /* AppDelegate.swift */; };
		75B237F627E18299000D61BC /* Assets.xcassets in Resources */ = {isa = PBXBuildFile; fileRef = 75B237E827E18299000D61BC /* Assets.xcassets */; };
		75B237F727E18299000D61BC /* How To Use ViewController.swift in Sources */ = {isa = PBXBuildFile; fileRef = 75B237E927E18299000D61BC /* How To Use ViewController.swift */; };
		75B237F827E18299000D61BC /* Bird.png in Resources */ = {isa = PBXBuildFile; fileRef = 75B237EA27E18299000D61BC /* Bird.png */; };
		75B237FA27E18299000D61BC /* seedlingping.png in Resources */ = {isa = PBXBuildFile; fileRef = 75B237ED27E18299000D61BC /* seedlingping.png */; };
		75B237FD27E18299000D61BC /* PrivacyPolicyViewController.swift in Sources */ = {isa = PBXBuildFile; fileRef = 75B237F327E18299000D61BC /* PrivacyPolicyViewController.swift */; };
		75B237FE27E18299000D61BC /* ViewController.swift in Sources */ = {isa = PBXBuildFile; fileRef = 75B237F427E18299000D61BC /* ViewController.swift */; };
		75B2380027E183DF000D61BC /* Info 2.plist in Resources */ = {isa = PBXBuildFile; fileRef = 75B237FF27E183DF000D61BC /* Info 2.plist */; };
		75B2380627E185B5000D61BC /* LaunchScreen.storyboard in Resources */ = {isa = PBXBuildFile; fileRef = 75B2380227E185B5000D61BC /* LaunchScreen.storyboard */; };
		75B2380C27E195FA000D61BC /* Main.storyboard in Resources */ = {isa = PBXBuildFile; fileRef = 75B2380A27E195FA000D61BC /* Main.storyboard */; };
/* End PBXBuildFile section */

/* Begin PBXFileReference section */
		755A9DE921A9B68E009A7209 /* Meditation Color Timer.app */ = {isa = PBXFileReference; explicitFileType = wrapper.application; includeInIndex = 0; path = "Meditation Color Timer.app"; sourceTree = BUILT_PRODUCTS_DIR; };
		75B237E727E18298000D61BC /* AppDelegate.swift */ = {isa = PBXFileReference; fileEncoding = 4; lastKnownFileType = sourcecode.swift; path = AppDelegate.swift; sourceTree = "<group>"; };
		75B237E827E18299000D61BC /* Assets.xcassets */ = {isa = PBXFileReference; lastKnownFileType = folder.assetcatalog; path = Assets.xcassets; sourceTree = "<group>"; };
		75B237E927E18299000D61BC /* How To Use ViewController.swift */ = {isa = PBXFileReference; fileEncoding = 4; lastKnownFileType = sourcecode.swift; path = "How To Use ViewController.swift"; sourceTree = "<group>"; };
		75B237EA27E18299000D61BC /* Bird.png */ = {isa = PBXFileReference; lastKnownFileType = image.png; path = Bird.png; sourceTree = "<group>"; };
		75B237EC27E18299000D61BC /* Take a Minute.entitlements */ = {isa = PBXFileReference; fileEncoding = 4; lastKnownFileType = text.plist.entitlements; path = "Take a Minute.entitlements"; sourceTree = "<group>"; };
		75B237ED27E18299000D61BC /* seedlingping.png */ = {isa = PBXFileReference; lastKnownFileType = image.png; path = seedlingping.png; sourceTree = "<group>"; };
		75B237F327E18299000D61BC /* PrivacyPolicyViewController.swift */ = {isa = PBXFileReference; fileEncoding = 4; lastKnownFileType = sourcecode.swift; path = PrivacyPolicyViewController.swift; sourceTree = "<group>"; };
		75B237F427E18299000D61BC /* ViewController.swift */ = {isa = PBXFileReference; fileEncoding = 4; lastKnownFileType = sourcecode.swift; path = ViewController.swift; sourceTree = "<group>"; };
		75B237FF27E183DF000D61BC /* Info 2.plist */ = {isa = PBXFileReference; fileEncoding = 4; lastKnownFileType = text.plist.xml; path = "Info 2.plist"; sourceTree = "<group>"; };
		75B2380327E185B5000D61BC /* Base */ = {isa = PBXFileReference; lastKnownFileType = file.storyboard; name = Base; path = LaunchScreen.storyboard; sourceTree = "<group>"; };
		75B2380B27E195FA000D61BC /* Base */ = {isa = PBXFileReference; lastKnownFileType = file.storyboard; name = Base; path = Main.storyboard; sourceTree = "<group>"; };
/* End PBXFileReference section */

/* Begin PBXFrameworksBuildPhase section */
		755A9DE621A9B68E009A7209 /* Frameworks */ = {
			isa = PBXFrameworksBuildPhase;
			buildActionMask = 2147483647;
			files = (
			);
			runOnlyForDeploymentPostprocessing = 0;
		};
/* End PBXFrameworksBuildPhase section */

/* Begin PBXGroup section */
		755A9DE021A9B68E009A7209 = {
			isa = PBXGroup;
			children = (
				75B2380127E185B5000D61BC /* Base.lproj */,
				75B237E727E18298000D61BC /* AppDelegate.swift */,
				75B237E827E18299000D61BC /* Assets.xcassets */,
				75B237E927E18299000D61BC /* How To Use ViewController.swift */,
				75B237F427E18299000D61BC /* ViewController.swift */,
				75B237F327E18299000D61BC /* PrivacyPolicyViewController.swift */,
				75B237EA27E18299000D61BC /* Bird.png */,
				75B237FF27E183DF000D61BC /* Info 2.plist */,
				75B237ED27E18299000D61BC /* seedlingping.png */,
				75B237EC27E18299000D61BC /* Take a Minute.entitlements */,
				755A9DEA21A9B68E009A7209 /* Products */,
			);
			sourceTree = "<group>";
		};
		755A9DEA21A9B68E009A7209 /* Products */ = {
			isa = PBXGroup;
			children = (
				755A9DE921A9B68E009A7209 /* Meditation Color Timer.app */,
			);
			name = Products;
			sourceTree = "<group>";
		};
		75B2380127E185B5000D61BC /* Base.lproj */ = {
			isa = PBXGroup;
			children = (
				75B2380A27E195FA000D61BC /* Main.storyboard */,
				75B2380227E185B5000D61BC /* LaunchScreen.storyboard */,
			);
			path = Base.lproj;
			sourceTree = "<group>";
		};
/* End PBXGroup section */

/* Begin PBXNativeTarget section */
		755A9DE821A9B68E009A7209 /* Meditation Color Timer */ = {
			isa = PBXNativeTarget;
			buildConfigurationList = 755A9DFB21A9B68E009A7209 /* Build configuration list for PBXNativeTarget "Meditation Color Timer" */;
			buildPhases = (
				755A9DE521A9B68E009A7209 /* Sources */,
				755A9DE621A9B68E009A7209 /* Frameworks */,
				755A9DE721A9B68E009A7209 /* Resources */,
			);
			buildRules = (
			);
			dependencies = (
			);
			name = "Meditation Color Timer";
			productName = "Meditation Color Timer";
			productReference = 755A9DE921A9B68E009A7209 /* Meditation Color Timer.app */;
			productType = "com.apple.product-type.application";
		};
/* End PBXNativeTarget section */

/* Begin PBXProject section */
		755A9DE121A9B68E009A7209 /* Project object */ = {
			isa = PBXProject;
			attributes = {
				LastSwiftUpdateCheck = 1010;
				LastUpgradeCheck = 1320;
				ORGANIZATIONNAME = "Joe Martin";
				TargetAttributes = {
					755A9DE821A9B68E009A7209 = {
						CreatedOnToolsVersion = 10.1;
						LastSwiftMigration = 1330;
					};
				};
			};
			buildConfigurationList = 755A9DE421A9B68E009A7209 /* Build configuration list for PBXProject "Meditation Color Timer" */;
			compatibilityVersion = "Xcode 9.3";
			developmentRegion = en;
			hasScannedForEncodings = 0;
			knownRegions = (
				en,
				Base,
			);
			mainGroup = 755A9DE021A9B68E009A7209;
			productRefGroup = 755A9DEA21A9B68E009A7209 /* Products */;
			projectDirPath = "";
			projectRoot = "";
			targets = (
				755A9DE821A9B68E009A7209 /* Meditation Color Timer */,
			);
		};
/* End PBXProject section */

/* Begin PBXResourcesBuildPhase section */
		755A9DE721A9B68E009A7209 /* Resources */ = {
			isa = PBXResourcesBuildPhase;
			buildActionMask = 2147483647;
			files = (
				75B237FA27E18299000D61BC /* seedlingping.png in Resources */,
				75B237F827E18299000D61BC /* Bird.png in Resources */,
				75B237F627E18299000D61BC /* Assets.xcassets in Resources */,
				75B2380C27E195FA000D61BC /* Main.storyboard in Resources */,
				75B2380627E185B5000D61BC /* LaunchScreen.storyboard in Resources */,
				75B2380027E183DF000D61BC /* Info 2.plist in Resources */,
			);
			runOnlyForDeploymentPostprocessing = 0;
		};
/* End PBXResourcesBuildPhase section */

/* Begin PBXSourcesBuildPhase section */
		755A9DE521A9B68E009A7209 /* Sources */ = {
			isa = PBXSourcesBuildPhase;
			buildActionMask = 2147483647;
			files = (
				75B237FD27E18299000D61BC /* PrivacyPolicyViewController.swift in Sources */,
				75B237F527E18299000D61BC /* AppDelegate.swift in Sources */,
				75B237FE27E18299000D61BC /* ViewController.swift in Sources */,
				75B237F727E18299000D61BC /* How To Use ViewController.swift in Sources */,
			);
			runOnlyForDeploymentPostprocessing = 0;
		};
/* End PBXSourcesBuildPhase section */

/* Begin PBXVariantGroup section */
		75B2380227E185B5000D61BC /* LaunchScreen.storyboard */ = {
			isa = PBXVariantGroup;
			children = (
				75B2380327E185B5000D61BC /* Base */,
			);
			name = LaunchScreen.storyboard;
			sourceTree = "<group>";
		};
		75B2380A27E195FA000D61BC /* Main.storyboard */ = {
			isa = PBXVariantGroup;
			children = (
				75B2380B27E195FA000D61BC /* Base */,
			);
			name = Main.storyboard;
			sourceTree = "<group>";
		};
/* End PBXVariantGroup section */

/* Begin XCBuildConfiguration section */
		755A9DF921A9B68E009A7209 /* Debug */ = {
			isa = XCBuildConfiguration;
			buildSettings = {
				ALWAYS_SEARCH_USER_PATHS = NO;
				CLANG_ANALYZER_NONNULL = YES;
				CLANG_ANALYZER_NUMBER_OBJECT_CONVERSION = YES_AGGRESSIVE;
				CLANG_CXX_LANGUAGE_STANDARD = "gnu++14";
				CLANG_CXX_LIBRARY = "libc++";
				CLANG_ENABLE_MODULES = YES;
				CLANG_ENABLE_OBJC_ARC = YES;
				CLANG_ENABLE_OBJC_WEAK = YES;
				CLANG_WARN_BLOCK_CAPTURE_AUTORELEASING = YES;
				CLANG_WARN_BOOL_CONVERSION = YES;
				CLANG_WARN_COMMA = YES;
				CLANG_WARN_CONSTANT_CONVERSION = YES;
				CLANG_WARN_DEPRECATED_OBJC_IMPLEMENTATIONS = YES;
				CLANG_WARN_DIRECT_OBJC_ISA_USAGE = YES_ERROR;
				CLANG_WARN_DOCUMENTATION_COMMENTS = YES;
				CLANG_WARN_EMPTY_BODY = YES;
				CLANG_WARN_ENUM_CONVERSION = YES;
				CLANG_WARN_INFINITE_RECURSION = YES;
				CLANG_WARN_INT_CONVERSION = YES;
				CLANG_WARN_NON_LITERAL_NULL_CONVERSION = YES;
				CLANG_WARN_OBJC_IMPLICIT_RETAIN_SELF = YES;
				CLANG_WARN_OBJC_LITERAL_CONVERSION = YES;
				CLANG_WARN_OBJC_ROOT_CLASS = YES_ERROR;
				CLANG_WARN_QUOTED_INCLUDE_IN_FRAMEWORK_HEADER = YES;
				CLANG_WARN_RANGE_LOOP_ANALYSIS = YES;
				CLANG_WARN_STRICT_PROTOTYPES = YES;
				CLANG_WARN_SUSPICIOUS_MOVE = YES;
				CLANG_WARN_UNGUARDED_AVAILABILITY = YES_AGGRESSIVE;
				CLANG_WARN_UNREACHABLE_CODE = YES;
				CLANG_WARN__DUPLICATE_METHOD_MATCH = YES;
				CODE_SIGN_IDENTITY = "iPhone Developer";
				COPY_PHASE_STRIP = NO;
				DEBUG_INFORMATION_FORMAT = dwarf;
				ENABLE_STRICT_OBJC_MSGSEND = YES;
				ENABLE_TESTABILITY = YES;
				GCC_C_LANGUAGE_STANDARD = gnu11;
				GCC_DYNAMIC_NO_PIC = NO;
				GCC_NO_COMMON_BLOCKS = YES;
				GCC_OPTIMIZATION_LEVEL = 0;
				GCC_PREPROCESSOR_DEFINITIONS = (
					"DEBUG=1",
					"$(inherited)",
				);
				GCC_WARN_64_TO_32_BIT_CONVERSION = YES;
				GCC_WARN_ABOUT_RETURN_TYPE = YES_ERROR;
				GCC_WARN_UNDECLARED_SELECTOR = YES;
				GCC_WARN_UNINITIALIZED_AUTOS = YES_AGGRESSIVE;
				GCC_WARN_UNUSED_FUNCTION = YES;
				GCC_WARN_UNUSED_VARIABLE = YES;
				IPHONEOS_DEPLOYMENT_TARGET = 14.0;
				MTL_ENABLE_DEBUG_INFO = INCLUDE_SOURCE;
				MTL_FAST_MATH = YES;
				ONLY_ACTIVE_ARCH = YES;
				SDKROOT = iphoneos;
				SWIFT_ACTIVE_COMPILATION_CONDITIONS = DEBUG;
				SWIFT_OPTIMIZATION_LEVEL = "-Onone";
			};
			name = Debug;
		};
		755A9DFA21A9B68E009A7209 /* Release */ = {
			isa = XCBuildConfiguration;
			buildSettings = {
				ALWAYS_SEARCH_USER_PATHS = NO;
				CLANG_ANALYZER_NONNULL = YES;
				CLANG_ANALYZER_NUMBER_OBJECT_CONVERSION = YES_AGGRESSIVE;
				CLANG_CXX_LANGUAGE_STANDARD = "gnu++14";
				CLANG_CXX_LIBRARY = "libc++";
				CLANG_ENABLE_MODULES = YES;
				CLANG_ENABLE_OBJC_ARC = YES;
				CLANG_ENABLE_OBJC_WEAK = YES;
				CLANG_WARN_BLOCK_CAPTURE_AUTORELEASING = YES;
				CLANG_WARN_BOOL_CONVERSION = YES;
				CLANG_WARN_COMMA = YES;
				CLANG_WARN_CONSTANT_CONVERSION = YES;
				CLANG_WARN_DEPRECATED_OBJC_IMPLEMENTATIONS = YES;
				CLANG_WARN_DIRECT_OBJC_ISA_USAGE = YES_ERROR;
				CLANG_WARN_DOCUMENTATION_COMMENTS = YES;
				CLANG_WARN_EMPTY_BODY = YES;
				CLANG_WARN_ENUM_CONVERSION = YES;
				CLANG_WARN_INFINITE_RECURSION = YES;
				CLANG_WARN_INT_CONVERSION = YES;
				CLANG_WARN_NON_LITERAL_NULL_CONVERSION = YES;
				CLANG_WARN_OBJC_IMPLICIT_RETAIN_SELF = YES;
				CLANG_WARN_OBJC_LITERAL_CONVERSION = YES;
				CLANG_WARN_OBJC_ROOT_CLASS = YES_ERROR;
				CLANG_WARN_QUOTED_INCLUDE_IN_FRAMEWORK_HEADER = YES;
				CLANG_WARN_RANGE_LOOP_ANALYSIS = YES;
				CLANG_WARN_STRICT_PROTOTYPES = YES;
				CLANG_WARN_SUSPICIOUS_MOVE = YES;
				CLANG_WARN_UNGUARDED_AVAILABILITY = YES_AGGRESSIVE;
				CLANG_WARN_UNREACHABLE_CODE = YES;
				CLANG_WARN__DUPLICATE_METHOD_MATCH = YES;
				CODE_SIGN_IDENTITY = "iPhone Developer";
				COPY_PHASE_STRIP = NO;
				DEBUG_INFORMATION_FORMAT = "dwarf-with-dsym";
				ENABLE_NS_ASSERTIONS = NO;
				ENABLE_STRICT_OBJC_MSGSEND = YES;
				GCC_C_LANGUAGE_STANDARD = gnu11;
				GCC_NO_COMMON_BLOCKS = YES;
				GCC_WARN_64_TO_32_BIT_CONVERSION = YES;
				GCC_WARN_ABOUT_RETURN_TYPE = YES_ERROR;
				GCC_WARN_UNDECLARED_SELECTOR = YES;
				GCC_WARN_UNINITIALIZED_AUTOS = YES_AGGRESSIVE;
				GCC_WARN_UNUSED_FUNCTION = YES;
				GCC_WARN_UNUSED_VARIABLE = YES;
				IPHONEOS_DEPLOYMENT_TARGET = 14.0;
				MTL_ENABLE_DEBUG_INFO = NO;
				MTL_FAST_MATH = YES;
				SDKROOT = iphoneos;
				SWIFT_COMPILATION_MODE = wholemodule;
				SWIFT_OPTIMIZATION_LEVEL = "-O";
				VALIDATE_PRODUCT = YES;
			};
			name = Release;
		};
		755A9DFC21A9B68E009A7209 /* Debug */ = {
			isa = XCBuildConfiguration;
			buildSettings = {
				ASSETCATALOG_COMPILER_APPICON_NAME = AppIcon;
				CLANG_ENABLE_MODULES = YES;
				CODE_SIGN_STYLE = Automatic;
				CURRENT_PROJECT_VERSION = 1.0.0;
				DEVELOPMENT_TEAM = 6BTKUBUD89;
				INFOPLIST_FILE = "$(SRCROOT)/Info.plist";
				IPHONEOS_DEPLOYMENT_TARGET = 15.4;
				LD_RUNPATH_SEARCH_PATHS = (
					"$(inherited)",
					"@executable_path/Frameworks",
				);
				MARKETING_VERSION = 2.0.0;
				PRODUCT_BUNDLE_IDENTIFIER = "com.joemartin.Meditation-Color-Timer";
				PRODUCT_NAME = "$(TARGET_NAME)";
				SWIFT_OPTIMIZATION_LEVEL = "-Onone";
				SWIFT_VERSION = 5.0;
				TARGETED_DEVICE_FAMILY = 1;
			};
			name = Debug;
		};
		755A9DFD21A9B68E009A7209 /* Release */ = {
			isa = XCBuildConfiguration;
			buildSettings = {
				ASSETCATALOG_COMPILER_APPICON_NAME = AppIcon;
				CLANG_ENABLE_MODULES = YES;
				CODE_SIGN_STYLE = Automatic;
				CURRENT_PROJECT_VERSION = 1.0.0;
				DEVELOPMENT_TEAM = 6BTKUBUD89;
				INFOPLIST_FILE = "$(SRCROOT)/Info.plist";
				IPHONEOS_DEPLOYMENT_TARGET = 15.4;
				LD_RUNPATH_SEARCH_PATHS = (
					"$(inherited)",
					"@executable_path/Frameworks",
				);
				MARKETING_VERSION = 2.0.0;
				PRODUCT_BUNDLE_IDENTIFIER = "com.joemartin.Meditation-Color-Timer";
				PRODUCT_NAME = "$(TARGET_NAME)";
				SWIFT_VERSION = 5.0;
				TARGETED_DEVICE_FAMILY = 1;
			};
			name = Release;
		};
/* End XCBuildConfiguration section */

/* Begin XCConfigurationList section */
		755A9DE421A9B68E009A7209 /* Build configuration list for PBXProject "Meditation Color Timer" */ = {
			isa = XCConfigurationList;
			buildConfigurations = (
				755A9DF921A9B68E009A7209 /* Debug */,
				755A9DFA21A9B68E009A7209 /* Release */,
			);
			defaultConfigurationIsVisible = 0;
			defaultConfigurationName = Release;
		};
		755A9DFB21A9B68E009A7209 /* Build configuration list for PBXNativeTarget "Meditation Color Timer" */ = {
			isa = XCConfigurationList;
			buildConfigurations = (
				755A9DFC21A9B68E009A7209 /* Debug */,
				755A9DFD21A9B68E009A7209 /* Release */,
			);
			defaultConfigurationIsVisible = 0;
			defaultConfigurationName = Release;
		};
/* End XCConfigurationList section */
	};
	rootObject = 755A9DE121A9B68E009A7209 /* Project object */;
}
